PODS:
  - Alamofire (5.4.4)
  - SignalRSwift (2.2.8):
    - Alamofire
    - Starscream
  - Starscream (4.0.4)

DEPENDENCIES:
  - SignalRSwift (from `../`)

SPEC REPOS:
  trunk:
    - Alamofire
    - Starscream

EXTERNAL SOURCES:
  SignalRSwift:
    :path: "../"

SPEC CHECKSUMS:
  Alamofire: f3b09a368f1582ab751b3fff5460276e0d2cf5c9
  SignalRSwift: ea88755e5518c143d3d7000797ec90e5d12ed2b2
  Starscream: 5178aed56b316f13fa3bc55694e583d35dd414d9

PODFILE CHECKSUM: 8080faceb7a4b602ed0eec4004c54c27d1729df5

COCOAPODS: 1.11.3
